// !$*UTF8*$!
{
	archiveVersion = 1;
	classes = {
	};
	objectVersion = 50;
	objects = {

/* Begin PBXBuildFile section */
		4C3AD0EF237D97650029EECD /* AppDelegate.m in Sources */ = {isa = PBXBuildFile; fileRef = 4C3AD0EE237D97650029EECD /* AppDelegate.m */; };
		4C3AD0F1237D97650029EECD /* Assets.xcassets in Resources */ = {isa = PBXBuildFile; fileRef = 4C3AD0F0237D97650029EECD /* Assets.xcassets */; };
		4C3AD0F4237D97650029EECD /* MainMenu.xib in Resources */ = {isa = PBXBuildFile; fileRef = 4C3AD0F2237D97650029EECD /* MainMenu.xib */; };
		4C3AD0F7237D97650029EECD /* main.m in Sources */ = {isa = PBXBuildFile; fileRef = 4C3AD0F6237D97650029EECD /* main.m */; };
		4C3AD100237D977E0029EECD /* SOpenGLView.mm in Sources */ = {isa = PBXBuildFile; fileRef = 4C3AD0FF237D977E0029EECD /* SOpenGLView.mm */; };
		4C725D492382E85800D797D9 /* srenderservice.cpp in Sources */ = {isa = PBXBuildFile; fileRef = 4C725D342382E85700D797D9 /* srenderservice.cpp */; };
		4C725D4A2382E85800D797D9 /* scolor.cpp in Sources */ = {isa = PBXBuildFile; fileRef = 4C725D3A2382E85700D797D9 /* scolor.cpp */; };
		4C725D4B2382E85800D797D9 /* sgame.cpp in Sources */ = {isa = PBXBuildFile; fileRef = 4C725D3C2382E85700D797D9 /* sgame.cpp */; };
		4C725D4C2382E85800D797D9 /* shivatools.cpp in Sources */ = {isa = PBXBuildFile; fileRef = 4C725D3D2382E85700D797D9 /* shivatools.cpp */; };
		4C725D4D2382E85800D797D9 /* spoint2d.cpp in Sources */ = {isa = PBXBuildFile; fileRef = 4C725D3E2382E85700D797D9 /* spoint2d.cpp */; };
		4C725D4E2382E85800D797D9 /* sopenglapi.cpp in Sources */ = {isa = PBXBuildFile; fileRef = 4C725D402382E85700D797D9 /* sopenglapi.cpp */; };
		4C725D4F2382E85800D797D9 /* spoint.cpp in Sources */ = {isa = PBXBuildFile; fileRef = 4C725D412382E85700D797D9 /* spoint.cpp */; };
		4C725D502382E85800D797D9 /* svector.cpp in Sources */ = {isa = PBXBuildFile; fileRef = 4C725D422382E85700D797D9 /* svector.cpp */; };
		4C725D512382E85800D797D9 /* sscenegraph.cpp in Sources */ = {isa = PBXBuildFile; fileRef = 4C725D432382E85800D797D9 /* sscenegraph.cpp */; };
		4C725D522382E85800D797D9 /* sdrawapi.cpp in Sources */ = {isa = PBXBuildFile; fileRef = 4C725D462382E85800D797D9 /* sdrawapi.cpp */; };
/* End PBXBuildFile section */

/* Begin PBXFileReference section */
		4C3AD0EA237D97650029EECD /* mm6.app */ = {isa = PBXFileReference; explicitFileType = wrapper.application; includeInIndex = 0; path = mm6.app; sourceTree = BUILT_PRODUCTS_DIR; };
		4C3AD0ED237D97650029EECD /* AppDelegate.h */ = {isa = PBXFileReference; lastKnownFileType = sourcecode.c.h; path = AppDelegate.h; sourceTree = "<group>"; };
		4C3AD0EE237D97650029EECD /* AppDelegate.m */ = {isa = PBXFileReference; lastKnownFileType = sourcecode.c.objc; path = AppDelegate.m; sourceTree = "<group>"; };
		4C3AD0F0237D97650029EECD /* Assets.xcassets */ = {isa = PBXFileReference; lastKnownFileType = folder.assetcatalog; path = Assets.xcassets; sourceTree = "<group>"; };
		4C3AD0F3237D97650029EECD /* Base */ = {isa = PBXFileReference; lastKnownFileType = file.xib; name = Base; path = Base.lproj/MainMenu.xib; sourceTree = "<group>"; };
		4C3AD0F5237D97650029EECD /* Info.plist */ = {isa = PBXFileReference; lastKnownFileType = text.plist.xml; path = Info.plist; sourceTree = "<group>"; };
		4C3AD0F6237D97650029EECD /* main.m */ = {isa = PBXFileReference; lastKnownFileType = sourcecode.c.objc; path = main.m; sourceTree = "<group>"; };
		4C3AD0F8237D97650029EECD /* mm6.entitlements */ = {isa = PBXFileReference; lastKnownFileType = text.plist.entitlements; path = mm6.entitlements; sourceTree = "<group>"; };
		4C3AD0FE237D977E0029EECD /* SOpenGLView.h */ = {isa = PBXFileReference; fileEncoding = 4; lastKnownFileType = sourcecode.c.h; path = SOpenGLView.h; sourceTree = "<group>"; };
		4C3AD0FF237D977E0029EECD /* SOpenGLView.mm */ = {isa = PBXFileReference; fileEncoding = 4; lastKnownFileType = sourcecode.cpp.objcpp; path = SOpenGLView.mm; sourceTree = "<group>"; };
		4C725D342382E85700D797D9 /* srenderservice.cpp */ = {isa = PBXFileReference; fileEncoding = 4; lastKnownFileType = sourcecode.cpp.cpp; name = srenderservice.cpp; path = shiva/srenderservice.cpp; sourceTree = "<group>"; };
		4C725D352382E85700D797D9 /* srenderservice.h */ = {isa = PBXFileReference; fileEncoding = 4; lastKnownFileType = sourcecode.c.h; name = srenderservice.h; path = shiva/srenderservice.h; sourceTree = "<group>"; };
		4C725D362382E85700D797D9 /* spoint.h */ = {isa = PBXFileReference; fileEncoding = 4; lastKnownFileType = sourcecode.c.h; name = spoint.h; path = shiva/spoint.h; sourceTree = "<group>"; };
		4C725D372382E85700D797D9 /* sdrawapi.h */ = {isa = PBXFileReference; fileEncoding = 4; lastKnownFileType = sourcecode.c.h; name = sdrawapi.h; path = shiva/sdrawapi.h; sourceTree = "<group>"; };
		4C725D382382E85700D797D9 /* shivatypes.h */ = {isa = PBXFileReference; fileEncoding = 4; lastKnownFileType = sourcecode.c.h; name = shivatypes.h; path = shiva/shivatypes.h; sourceTree = "<group>"; };
		4C725D392382E85700D797D9 /* sgame.h */ = {isa = PBXFileReference; fileEncoding = 4; lastKnownFileType = sourcecode.c.h; name = sgame.h; path = shiva/sgame.h; sourceTree = "<group>"; };
		4C725D3A2382E85700D797D9 /* scolor.cpp */ = {isa = PBXFileReference; fileEncoding = 4; lastKnownFileType = sourcecode.cpp.cpp; name = scolor.cpp; path = shiva/scolor.cpp; sourceTree = "<group>"; };
		4C725D3B2382E85700D797D9 /* scolor.h */ = {isa = PBXFileReference; fileEncoding = 4; lastKnownFileType = sourcecode.c.h; name = scolor.h; path = shiva/scolor.h; sourceTree = "<group>"; };
		4C725D3C2382E85700D797D9 /* sgame.cpp */ = {isa = PBXFileReference; fileEncoding = 4; lastKnownFileType = sourcecode.cpp.cpp; name = sgame.cpp; path = shiva/sgame.cpp; sourceTree = "<group>"; };
		4C725D3D2382E85700D797D9 /* shivatools.cpp */ = {isa = PBXFileReference; fileEncoding = 4; lastKnownFileType = sourcecode.cpp.cpp; name = shivatools.cpp; path = shiva/shivatools.cpp; sourceTree = "<group>"; };
		4C725D3E2382E85700D797D9 /* spoint2d.cpp */ = {isa = PBXFileReference; fileEncoding = 4; lastKnownFileType = sourcecode.cpp.cpp; name = spoint2d.cpp; path = shiva/spoint2d.cpp; sourceTree = "<group>"; };
		4C725D3F2382E85700D797D9 /* svector.h */ = {isa = PBXFileReference; fileEncoding = 4; lastKnownFileType = sourcecode.c.h; name = svector.h; path = shiva/svector.h; sourceTree = "<group>"; };
		4C725D402382E85700D797D9 /* sopenglapi.cpp */ = {isa = PBXFileReference; fileEncoding = 4; lastKnownFileType = sourcecode.cpp.cpp; name = sopenglapi.cpp; path = shiva/sopenglapi.cpp; sourceTree = "<group>"; };
		4C725D412382E85700D797D9 /* spoint.cpp */ = {isa = PBXFileReference; fileEncoding = 4; lastKnownFileType = sourcecode.cpp.cpp; name = spoint.cpp; path = shiva/spoint.cpp; sourceTree = "<group>"; };
		4C725D422382E85700D797D9 /* svector.cpp */ = {isa = PBXFileReference; fileEncoding = 4; lastKnownFileType = sourcecode.cpp.cpp; name = svector.cpp; path = shiva/svector.cpp; sourceTree = "<group>"; };
		4C725D432382E85800D797D9 /* sscenegraph.cpp */ = {isa = PBXFileReference; fileEncoding = 4; lastKnownFileType = sourcecode.cpp.cpp; name = sscenegraph.cpp; path = shiva/sscenegraph.cpp; sourceTree = "<group>"; };
		4C725D442382E85800D797D9 /* shivatools.h */ = {isa = PBXFileReference; fileEncoding = 4; lastKnownFileType = sourcecode.c.h; name = shivatools.h; path = shiva/shivatools.h; sourceTree = "<group>"; };
		4C725D452382E85800D797D9 /* sscenegraph.h */ = {isa = PBXFileReference; fileEncoding = 4; lastKnownFileType = sourcecode.c.h; name = sscenegraph.h; path = shiva/sscenegraph.h; sourceTree = "<group>"; };
		4C725D462382E85800D797D9 /* sdrawapi.cpp */ = {isa = PBXFileReference; fileEncoding = 4; lastKnownFileType = sourcecode.cpp.cpp; name = sdrawapi.cpp; path = shiva/sdrawapi.cpp; sourceTree = "<group>"; };
		4C725D472382E85800D797D9 /* sopenglapi.h */ = {isa = PBXFileReference; fileEncoding = 4; lastKnownFileType = sourcecode.c.h; name = sopenglapi.h; path = shiva/sopenglapi.h; sourceTree = "<group>"; };
		4C725D482382E85800D797D9 /* spoint2d.h */ = {isa = PBXFileReference; fileEncoding = 4; lastKnownFileType = sourcecode.c.h; name = spoint2d.h; path = shiva/spoint2d.h; sourceTree = "<group>"; };
/* End PBXFileReference section */

/* Begin PBXFrameworksBuildPhase section */
		4C3AD0E7237D97650029EECD /* Frameworks */ = {
			isa = PBXFrameworksBuildPhase;
			buildActionMask = 2147483647;
			files = (
			);
			runOnlyForDeploymentPostprocessing = 0;
		};
/* End PBXFrameworksBuildPhase section */

/* Begin PBXGroup section */
		4C3AD0E1237D97650029EECD = {
			isa = PBXGroup;
			children = (
				4C3AD101237D97DF0029EECD /* mmengine */,
				4C3AD0EC237D97650029EECD /* mm6 */,
				4C3AD0EB237D97650029EECD /* Products */,
			);
			sourceTree = "<group>";
		};
		4C3AD0EB237D97650029EECD /* Products */ = {
			isa = PBXGroup;
			children = (
				4C3AD0EA237D97650029EECD /* mm6.app */,
			);
			name = Products;
			sourceTree = "<group>";
		};
		4C3AD0EC237D97650029EECD /* mm6 */ = {
			isa = PBXGroup;
			children = (
				4C3AD0FE237D977E0029EECD /* SOpenGLView.h */,
				4C3AD0FF237D977E0029EECD /* SOpenGLView.mm */,
				4C3AD0ED237D97650029EECD /* AppDelegate.h */,
				4C3AD0EE237D97650029EECD /* AppDelegate.m */,
				4C3AD0F0237D97650029EECD /* Assets.xcassets */,
				4C3AD0F2237D97650029EECD /* MainMenu.xib */,
				4C3AD0F5237D97650029EECD /* Info.plist */,
				4C3AD0F6237D97650029EECD /* main.m */,
				4C3AD0F8237D97650029EECD /* mm6.entitlements */,
			);
			path = mm6;
			sourceTree = "<group>";
		};
		4C3AD101237D97DF0029EECD /* mmengine */ = {
			isa = PBXGroup;
			children = (
				4C725D3C2382E85700D797D9 /* sgame.cpp */,
				4C725D392382E85700D797D9 /* sgame.h */,
				4C725D3D2382E85700D797D9 /* shivatools.cpp */,
				4C725D442382E85800D797D9 /* shivatools.h */,
				4C725D382382E85700D797D9 /* shivatypes.h */,
				4C725D342382E85700D797D9 /* srenderservice.cpp */,
				4C725D352382E85700D797D9 /* srenderservice.h */,
				4C725D432382E85800D797D9 /* sscenegraph.cpp */,
				4C725D452382E85800D797D9 /* sscenegraph.h */,
				4C725D2D2382DD9D00D797D9 /* geometry */,
				4C3AD11C237DA22C0029EECD /* rendering */,
			);
			name = mmengine;
			sourceTree = "<group>";
		};
		4C3AD11C237DA22C0029EECD /* rendering */ = {
			isa = PBXGroup;
			children = (
				4C725D462382E85800D797D9 /* sdrawapi.cpp */,
				4C725D372382E85700D797D9 /* sdrawapi.h */,
				4C725D402382E85700D797D9 /* sopenglapi.cpp */,
				4C725D472382E85800D797D9 /* sopenglapi.h */,
			);
			name = rendering;
			sourceTree = "<group>";
		};
		4C725D2D2382DD9D00D797D9 /* geometry */ = {
			isa = PBXGroup;
			children = (
				4C725D3A2382E85700D797D9 /* scolor.cpp */,
				4C725D3B2382E85700D797D9 /* scolor.h */,
				4C725D412382E85700D797D9 /* spoint.cpp */,
				4C725D362382E85700D797D9 /* spoint.h */,
				4C725D3E2382E85700D797D9 /* spoint2d.cpp */,
				4C725D482382E85800D797D9 /* spoint2d.h */,
				4C725D422382E85700D797D9 /* svector.cpp */,
				4C725D3F2382E85700D797D9 /* svector.h */,
			);
			name = geometry;
			sourceTree = "<group>";
		};
/* End PBXGroup section */

/* Begin PBXNativeTarget section */
		4C3AD0E9237D97650029EECD /* mm6 */ = {
			isa = PBXNativeTarget;
			buildConfigurationList = 4C3AD0FB237D97650029EECD /* Build configuration list for PBXNativeTarget "mm6" */;
			buildPhases = (
				4C3AD0E6237D97650029EECD /* Sources */,
				4C3AD0E7237D97650029EECD /* Frameworks */,
				4C3AD0E8237D97650029EECD /* Resources */,
			);
			buildRules = (
			);
			dependencies = (
			);
			name = mm6;
			productName = mm6;
			productReference = 4C3AD0EA237D97650029EECD /* mm6.app */;
			productType = "com.apple.product-type.application";
		};
/* End PBXNativeTarget section */

/* Begin PBXProject section */
		4C3AD0E2237D97650029EECD /* Project object */ = {
			isa = PBXProject;
			attributes = {
				LastUpgradeCheck = 1020;
				ORGANIZATIONNAME = Michael;
				TargetAttributes = {
					4C3AD0E9237D97650029EECD = {
						CreatedOnToolsVersion = 10.2.1;
					};
				};
			};
			buildConfigurationList = 4C3AD0E5237D97650029EECD /* Build configuration list for PBXProject "mm6" */;
			compatibilityVersion = "Xcode 9.3";
			developmentRegion = en;
			hasScannedForEncodings = 0;
			knownRegions = (
				en,
				Base,
			);
			mainGroup = 4C3AD0E1237D97650029EECD;
			productRefGroup = 4C3AD0EB237D97650029EECD /* Products */;
			projectDirPath = "";
			projectRoot = "";
			targets = (
				4C3AD0E9237D97650029EECD /* mm6 */,
			);
		};
/* End PBXProject section */

/* Begin PBXResourcesBuildPhase section */
		4C3AD0E8237D97650029EECD /* Resources */ = {
			isa = PBXResourcesBuildPhase;
			buildActionMask = 2147483647;
			files = (
				4C3AD0F1237D97650029EECD /* Assets.xcassets in Resources */,
				4C3AD0F4237D97650029EECD /* MainMenu.xib in Resources */,
			);
			runOnlyForDeploymentPostprocessing = 0;
		};
/* End PBXResourcesBuildPhase section */

/* Begin PBXSourcesBuildPhase section */
		4C3AD0E6237D97650029EECD /* Sources */ = {
			isa = PBXSourcesBuildPhase;
			buildActionMask = 2147483647;
			files = (
				4C725D4F2382E85800D797D9 /* spoint.cpp in Sources */,
				4C725D4A2382E85800D797D9 /* scolor.cpp in Sources */,
				4C725D512382E85800D797D9 /* sscenegraph.cpp in Sources */,
				4C725D4E2382E85800D797D9 /* sopenglapi.cpp in Sources */,
				4C725D4D2382E85800D797D9 /* spoint2d.cpp in Sources */,
				4C725D4B2382E85800D797D9 /* sgame.cpp in Sources */,
				4C725D4C2382E85800D797D9 /* shivatools.cpp in Sources */,
				4C3AD100237D977E0029EECD /* SOpenGLView.mm in Sources */,
				4C725D522382E85800D797D9 /* sdrawapi.cpp in Sources */,
				4C3AD0F7237D97650029EECD /* main.m in Sources */,
				4C3AD0EF237D97650029EECD /* AppDelegate.m in Sources */,
				4C725D502382E85800D797D9 /* svector.cpp in Sources */,
				4C725D492382E85800D797D9 /* srenderservice.cpp in Sources */,
			);
			runOnlyForDeploymentPostprocessing = 0;
		};
/* End PBXSourcesBuildPhase section */

/* Begin PBXVariantGroup section */
		4C3AD0F2237D97650029EECD /* MainMenu.xib */ = {
			isa = PBXVariantGroup;
			children = (
				4C3AD0F3237D97650029EECD /* Base */,
			);
			name = MainMenu.xib;
			sourceTree = "<group>";
		};
/* End PBXVariantGroup section */

/* Begin XCBuildConfiguration section */
		4C3AD0F9237D97650029EECD /* Debug */ = {
			isa = XCBuildConfiguration;
			buildSettings = {
				ALWAYS_SEARCH_USER_PATHS = NO;
				CLANG_ANALYZER_NONNULL = YES;
				CLANG_ANALYZER_NUMBER_OBJECT_CONVERSION = YES_AGGRESSIVE;
				CLANG_CXX_LANGUAGE_STANDARD = "gnu++14";
				CLANG_CXX_LIBRARY = "libc++";
				CLANG_ENABLE_MODULES = YES;
				CLANG_ENABLE_OBJC_ARC = YES;
				CLANG_ENABLE_OBJC_WEAK = YES;
				CLANG_WARN_BLOCK_CAPTURE_AUTORELEASING = YES;
				CLANG_WARN_BOOL_CONVERSION = YES;
				CLANG_WARN_COMMA = YES;
				CLANG_WARN_CONSTANT_CONVERSION = YES;
				CLANG_WARN_DEPRECATED_OBJC_IMPLEMENTATIONS = YES;
				CLANG_WARN_DIRECT_OBJC_ISA_USAGE = YES_ERROR;
				CLANG_WARN_DOCUMENTATION_COMMENTS = YES;
				CLANG_WARN_EMPTY_BODY = YES;
				CLANG_WARN_ENUM_CONVERSION = YES;
				CLANG_WARN_INFINITE_RECURSION = YES;
				CLANG_WARN_INT_CONVERSION = YES;
				CLANG_WARN_NON_LITERAL_NULL_CONVERSION = YES;
				CLANG_WARN_OBJC_IMPLICIT_RETAIN_SELF = YES;
				CLANG_WARN_OBJC_LITERAL_CONVERSION = YES;
				CLANG_WARN_OBJC_ROOT_CLASS = YES_ERROR;
				CLANG_WARN_RANGE_LOOP_ANALYSIS = YES;
				CLANG_WARN_STRICT_PROTOTYPES = YES;
				CLANG_WARN_SUSPICIOUS_MOVE = YES;
				CLANG_WARN_UNGUARDED_AVAILABILITY = YES_AGGRESSIVE;
				CLANG_WARN_UNREACHABLE_CODE = YES;
				CLANG_WARN__DUPLICATE_METHOD_MATCH = YES;
				CODE_SIGN_IDENTITY = "Mac Developer";
				COPY_PHASE_STRIP = NO;
				DEBUG_INFORMATION_FORMAT = dwarf;
				ENABLE_STRICT_OBJC_MSGSEND = YES;
				ENABLE_TESTABILITY = YES;
				GCC_C_LANGUAGE_STANDARD = gnu11;
				GCC_DYNAMIC_NO_PIC = NO;
				GCC_NO_COMMON_BLOCKS = YES;
				GCC_OPTIMIZATION_LEVEL = 0;
				GCC_PREPROCESSOR_DEFINITIONS = (
					"DEBUG=1",
					"$(inherited)",
				);
				GCC_WARN_64_TO_32_BIT_CONVERSION = YES;
				GCC_WARN_ABOUT_RETURN_TYPE = YES_ERROR;
				GCC_WARN_UNDECLARED_SELECTOR = YES;
				GCC_WARN_UNINITIALIZED_AUTOS = YES_AGGRESSIVE;
				GCC_WARN_UNUSED_FUNCTION = YES;
				GCC_WARN_UNUSED_VARIABLE = YES;
				MACOSX_DEPLOYMENT_TARGET = 10.14;
				MTL_ENABLE_DEBUG_INFO = INCLUDE_SOURCE;
				MTL_FAST_MATH = YES;
				ONLY_ACTIVE_ARCH = YES;
				SDKROOT = macosx;
			};
			name = Debug;
		};
		4C3AD0FA237D97650029EECD /* Release */ = {
			isa = XCBuildConfiguration;
			buildSettings = {
				ALWAYS_SEARCH_USER_PATHS = NO;
				CLANG_ANALYZER_NONNULL = YES;
				CLANG_ANALYZER_NUMBER_OBJECT_CONVERSION = YES_AGGRESSIVE;
				CLANG_CXX_LANGUAGE_STANDARD = "gnu++14";
				CLANG_CXX_LIBRARY = "libc++";
				CLANG_ENABLE_MODULES = YES;
				CLANG_ENABLE_OBJC_ARC = YES;
				CLANG_ENABLE_OBJC_WEAK = YES;
				CLANG_WARN_BLOCK_CAPTURE_AUTORELEASING = YES;
				CLANG_WARN_BOOL_CONVERSION = YES;
				CLANG_WARN_COMMA = YES;
				CLANG_WARN_CONSTANT_CONVERSION = YES;
				CLANG_WARN_DEPRECATED_OBJC_IMPLEMENTATIONS = YES;
				CLANG_WARN_DIRECT_OBJC_ISA_USAGE = YES_ERROR;
				CLANG_WARN_DOCUMENTATION_COMMENTS = YES;
				CLANG_WARN_EMPTY_BODY = YES;
				CLANG_WARN_ENUM_CONVERSION = YES;
				CLANG_WARN_INFINITE_RECURSION = YES;
				CLANG_WARN_INT_CONVERSION = YES;
				CLANG_WARN_NON_LITERAL_NULL_CONVERSION = YES;
				CLANG_WARN_OBJC_IMPLICIT_RETAIN_SELF = YES;
				CLANG_WARN_OBJC_LITERAL_CONVERSION = YES;
				CLANG_WARN_OBJC_ROOT_CLASS = YES_ERROR;
				CLANG_WARN_RANGE_LOOP_ANALYSIS = YES;
				CLANG_WARN_STRICT_PROTOTYPES = YES;
				CLANG_WARN_SUSPICIOUS_MOVE = YES;
				CLANG_WARN_UNGUARDED_AVAILABILITY = YES_AGGRESSIVE;
				CLANG_WARN_UNREACHABLE_CODE = YES;
				CLANG_WARN__DUPLICATE_METHOD_MATCH = YES;
				CODE_SIGN_IDENTITY = "Mac Developer";
				COPY_PHASE_STRIP = NO;
				DEBUG_INFORMATION_FORMAT = "dwarf-with-dsym";
				ENABLE_NS_ASSERTIONS = NO;
				ENABLE_STRICT_OBJC_MSGSEND = YES;
				GCC_C_LANGUAGE_STANDARD = gnu11;
				GCC_NO_COMMON_BLOCKS = YES;
				GCC_WARN_64_TO_32_BIT_CONVERSION = YES;
				GCC_WARN_ABOUT_RETURN_TYPE = YES_ERROR;
				GCC_WARN_UNDECLARED_SELECTOR = YES;
				GCC_WARN_UNINITIALIZED_AUTOS = YES_AGGRESSIVE;
				GCC_WARN_UNUSED_FUNCTION = YES;
				GCC_WARN_UNUSED_VARIABLE = YES;
				MACOSX_DEPLOYMENT_TARGET = 10.14;
				MTL_ENABLE_DEBUG_INFO = NO;
				MTL_FAST_MATH = YES;
				SDKROOT = macosx;
			};
			name = Release;
		};
		4C3AD0FC237D97650029EECD /* Debug */ = {
			isa = XCBuildConfiguration;
			buildSettings = {
				ASSETCATALOG_COMPILER_APPICON_NAME = AppIcon;
				CODE_SIGN_ENTITLEMENTS = mm6/mm6.entitlements;
				CODE_SIGN_STYLE = Automatic;
				COMBINE_HIDPI_IMAGES = YES;
				DEVELOPMENT_TEAM = 67BUZRGVX2;
				INFOPLIST_FILE = mm6/Info.plist;
				LD_RUNPATH_SEARCH_PATHS = (
					"$(inherited)",
					"@executable_path/../Frameworks",
				);
				PRODUCT_BUNDLE_IDENTIFIER = customertimes.mm6;
				PRODUCT_NAME = "$(TARGET_NAME)";
			};
			name = Debug;
		};
		4C3AD0FD237D97650029EECD /* Release */ = {
			isa = XCBuildConfiguration;
			buildSettings = {
				ASSETCATALOG_COMPILER_APPICON_NAME = AppIcon;
				CODE_SIGN_ENTITLEMENTS = mm6/mm6.entitlements;
				CODE_SIGN_STYLE = Automatic;
				COMBINE_HIDPI_IMAGES = YES;
				DEVELOPMENT_TEAM = 67BUZRGVX2;
				INFOPLIST_FILE = mm6/Info.plist;
				LD_RUNPATH_SEARCH_PATHS = (
					"$(inherited)",
					"@executable_path/../Frameworks",
				);
				PRODUCT_BUNDLE_IDENTIFIER = customertimes.mm6;
				PRODUCT_NAME = "$(TARGET_NAME)";
			};
			name = Release;
		};
/* End XCBuildConfiguration section */

/* Begin XCConfigurationList section */
		4C3AD0E5237D97650029EECD /* Build configuration list for PBXProject "mm6" */ = {
			isa = XCConfigurationList;
			buildConfigurations = (
				4C3AD0F9237D97650029EECD /* Debug */,
				4C3AD0FA237D97650029EECD /* Release */,
			);
			defaultConfigurationIsVisible = 0;
			defaultConfigurationName = Release;
		};
		4C3AD0FB237D97650029EECD /* Build configuration list for PBXNativeTarget "mm6" */ = {
			isa = XCConfigurationList;
			buildConfigurations = (
				4C3AD0FC237D97650029EECD /* Debug */,
				4C3AD0FD237D97650029EECD /* Release */,
			);
			defaultConfigurationIsVisible = 0;
			defaultConfigurationName = Release;
		};
/* End XCConfigurationList section */
	};
	rootObject = 4C3AD0E2237D97650029EECD /* Project object */;
}
